# This file is automatically @generated by Cargo.
# It is not intended for manual editing.
version = 3

[[package]]
name = "cli"
version = "0.1.0"
dependencies = [
 "iban_validator 0.2.1 (registry+https://github.com/rust-lang/crates.io-index)",
]

[[package]]
name = "country_config_creator"
version = "0.1.0"

[[package]]
name = "iban_parser"
version = "0.2.1"

[[package]]
name = "iban_validator"
version = "0.2.1"

[[package]]
name = "iban_validator"
version = "0.2.1"
source = "registry+https://github.com/rust-lang/crates.io-index"
checksum = "a85284f95ffc69cbc9b24ba42166ed89b9545e04c718dc2aa92c89b61cf3272d"
